
Microsoft Visual Studio Solution File, Format Version 12.00
# Visual Studio 15
VisualStudioVersion = 15.0.26730.16
MinimumVisualStudioVersion = 10.0.40219.1
Project("{FAE04EC0-301F-11D3-BF4B-00C04F79EFBC}") = "Gighubs", "Gighubs\Gighubs.csproj", "{2C4DF221-DE09-4069-8BF1-9248D59236F2}"
EndProject
Project("{FAE04EC0-301F-11D3-BF4B-00C04F79EFBC}") = "Gighubs.Tests", "Gighubs.Tests\Gighubs.Tests.csproj", "{C015A8A9-C107-45D5-9656-2B1819980F82}"
EndProject
Global
	GlobalSection(SolutionConfigurationPlatforms) = preSolution
		Debug|Any CPU = Debug|Any CPU
		Release|Any CPU = Release|Any CPU
	EndGlobalSection
	GlobalSection(ProjectConfigurationPlatforms) = postSolution
		{2C4DF221-DE09-4069-8BF1-9248D59236F2}.Debug|Any CPU.ActiveCfg = Debug|Any CPU
		{2C4DF221-DE09-4069-8BF1-9248D59236F2}.Debug|Any CPU.Build.0 = Debug|Any CPU
		{2C4DF221-DE09-4069-8BF1-9248D59236F2}.Release|Any CPU.ActiveCfg = Release|Any CPU
		{2C4DF221-DE09-4069-8BF1-9248D59236F2}.Release|Any CPU.Build.0 = Release|Any CPU
		{C015A8A9-C107-45D5-9656-2B1819980F82}.Debug|Any CPU.ActiveCfg = Debug|Any CPU
		{C015A8A9-C107-45D5-9656-2B1819980F82}.Debug|Any CPU.Build.0 = Debug|Any CPU
		{C015A8A9-C107-45D5-9656-2B1819980F82}.Release|Any CPU.ActiveCfg = Release|Any CPU
		{C015A8A9-C107-45D5-9656-2B1819980F82}.Release|Any CPU.Build.0 = Release|Any CPU
	EndGlobalSection
	GlobalSection(SolutionProperties) = preSolution
		HideSolutionNode = FALSE
	EndGlobalSection
	GlobalSection(ExtensibilityGlobals) = postSolution
		SolutionGuid = {67671918-5489-4955-9BCB-4234E1D02057}
	EndGlobalSection
EndGlobal
